<Solution>
  <Project Path="Restaurant.API/Restaurant.API.csproj" />
  <Project Path="Restaurant.DataAccess/Restaurant.DataAccess.csproj" />
  <Project Path="Restaurant.Desktop/Restaurant.Desktop.csproj" Id="8a94033f-04d5-4d66-9e53-3aa003bbb260" />
  <Project Path="Restaurant.MAUI/Restaurant.MAUI.csproj" Id="ca96fad0-de7b-49c3-b76a-3d9a3cfdd70a" />
  <Project Path="Restaurant.Models.DTOs/Restaurant.Models.DTOs.csproj" />
  <Project Path="Restaurant.Models/Restaurant.Models.csproj" />
  <Project Path="Restaurant.Services/Restaurant.Services.csproj" />
</Solution>
